
Microsoft Visual Studio Solution File, Format Version 12.00
# Visual Studio Version 17
VisualStudioVersion = 17.5.33627.172
MinimumVisualStudioVersion = 10.0.40219.1
Project("{FAE04EC0-301F-11D3-BF4B-00C04F79EFBC}") = "WpfApp5", "WpfApp5\WpfApp5.csproj", "{95F8CEF4-2D35-4036-A958-5A6B8F695B6E}"
EndProject
Global
	GlobalSection(SolutionConfigurationPlatforms) = preSolution
		Debug|Any CPU = Debug|Any CPU
		Release|Any CPU = Release|Any CPU
	EndGlobalSection
	GlobalSection(ProjectConfigurationPlatforms) = postSolution
		{95F8CEF4-2D35-4036-A958-5A6B8F695B6E}.Debug|Any CPU.ActiveCfg = Debug|Any CPU
		{95F8CEF4-2D35-4036-A958-5A6B8F695B6E}.Debug|Any CPU.Build.0 = Debug|Any CPU
		{95F8CEF4-2D35-4036-A958-5A6B8F695B6E}.Release|Any CPU.ActiveCfg = Release|Any CPU
		{95F8CEF4-2D35-4036-A958-5A6B8F695B6E}.Release|Any CPU.Build.0 = Release|Any CPU
	EndGlobalSection
	GlobalSection(SolutionProperties) = preSolution
		HideSolutionNode = FALSE
	EndGlobalSection
	GlobalSection(ExtensibilityGlobals) = postSolution
		SolutionGuid = {76013BAA-AC78-4D9A-A172-8A471529A098}
	EndGlobalSection
EndGlobal
